
Microsoft Visual Studio Solution File, Format Version 12.00
# Visual Studio Version 17
VisualStudioVersion = 17.6.33829.357
MinimumVisualStudioVersion = 10.0.40219.1
Project("{9A19103F-16F7-4668-BE54-9A1E7A4F7556}") = "FunctionApp1", "FunctionApp1\FunctionApp1.csproj", "{1B58E42F-2D93-41EA-B742-6F645D3E7C75}"
EndProject
Global
	GlobalSection(SolutionConfigurationPlatforms) = preSolution
		Debug|Any CPU = Debug|Any CPU
		Release|Any CPU = Release|Any CPU
	EndGlobalSection
	GlobalSection(ProjectConfigurationPlatforms) = postSolution
		{1B58E42F-2D93-41EA-B742-6F645D3E7C75}.Debug|Any CPU.ActiveCfg = Debug|Any CPU
		{1B58E42F-2D93-41EA-B742-6F645D3E7C75}.Debug|Any CPU.Build.0 = Debug|Any CPU
		{1B58E42F-2D93-41EA-B742-6F645D3E7C75}.Release|Any CPU.ActiveCfg = Release|Any CPU
		{1B58E42F-2D93-41EA-B742-6F645D3E7C75}.Release|Any CPU.Build.0 = Release|Any CPU
	EndGlobalSection
	GlobalSection(SolutionProperties) = preSolution
		HideSolutionNode = FALSE
	EndGlobalSection
	GlobalSection(ExtensibilityGlobals) = postSolution
		SolutionGuid = {F26B64F3-8E66-41ED-B10B-10EBD6AE3898}
	EndGlobalSection
EndGlobal
